
Microsoft Visual Studio Solution File, Format Version 12.00
# Visual Studio 15
VisualStudioVersion = 15.0.27428.2027
MinimumVisualStudioVersion = 10.0.40219.1
Project("{2150E333-8FDC-42A3-9474-1A3956D46DE8}") = "Solution Items", "Solution Items", "{ED72DBFE-87D6-4202-AD5B-85411B4D7D0D}"
	ProjectSection(SolutionItems) = preProject
		TOPX\RIP_v0_3.cs = TOPX\RIP_v0_3.cs
	EndProjectSection
EndProject
Project("{FAE04EC0-301F-11D3-BF4B-00C04F79EFBC}") = "Topx.Converter", "Topx.Converter\Topx.Converter.csproj", "{0B7925F6-533F-4D11-99F4-48EE7F19A48C}"
EndProject
Project("{2150E333-8FDC-42A3-9474-1A3956D46DE8}") = "External Refs", "External Refs", "{FFE5E995-C7B9-4420-AC1F-E59520812158}"
	ProjectSection(SolutionItems) = preProject
		External Refs\LumenWorks.Framework.IO.dll = External Refs\LumenWorks.Framework.IO.dll
		External Refs\LumenWorks.Framework.IO.XML = External Refs\LumenWorks.Framework.IO.XML
	EndProjectSection
EndProject
Project("{FAE04EC0-301F-11D3-BF4B-00C04F79EFBC}") = "Topx.Import", "Topx.Importer\Topx.Import.csproj", "{13D3E7C0-AB77-4555-94B0-6EBFE2AA908D}"
EndProject
Project("{FAE04EC0-301F-11D3-BF4B-00C04F79EFBC}") = "TOPX.UI", "TOPX.UI\TOPX.UI.csproj", "{118C7B5B-3AE8-497D-961C-D0E62476A879}"
EndProject
Project("{FAE04EC0-301F-11D3-BF4B-00C04F79EFBC}") = "Topx.Interface", "Topx.Interface\Topx.Interface.csproj", "{91592173-F613-4370-A362-0EF1AB0F3A65}"
EndProject
Project("{FAE04EC0-301F-11D3-BF4B-00C04F79EFBC}") = "Topx.UnitTests", "Topx.UnitTests\Topx.UnitTests.csproj", "{CE3AF6BA-3CC6-4017-8C73-C9CCA945642E}"
EndProject
Project("{FAE04EC0-301F-11D3-BF4B-00C04F79EFBC}") = "Topx.FileAnalysis", "Topx.FileAnalysis\Topx.FileAnalysis.csproj", "{A9504EF0-E9EC-4308-9C9B-ACE575AAD67E}"
EndProject
Project("{FAE04EC0-301F-11D3-BF4B-00C04F79EFBC}") = "Topx.Creator", "Topx.Parser\Topx.Creator.csproj", "{1E9B8660-0142-4818-AC8E-2B3FC0619783}"
EndProject
Project("{FAE04EC0-301F-11D3-BF4B-00C04F79EFBC}") = "Topx.Utility", "Topx.Utility\Topx.Utility.csproj", "{5862F3AF-2B57-4EE0-8E94-3A3D211737F1}"
EndProject
Project("{FAE04EC0-301F-11D3-BF4B-00C04F79EFBC}") = "Topx.Data", "Topx.Data\Topx.Data.csproj", "{982EDCDB-E044-43D5-8071-BB4728C6A173}"
EndProject
Project("{FAE04EC0-301F-11D3-BF4B-00C04F79EFBC}") = "Topx.DataServices", "Topx.DataServices\Topx.DataServices.csproj", "{1A82E7D8-4AB0-499E-BEE9-7D1569AD2F12}"
EndProject
Project("{54435603-DBB4-11D2-8724-00A0C9A8B90C}") = "Topx.Setup.x86", "Topx.Setup\Topx.Setup.vdproj", "{FD34975A-1344-4DD9-82DF-7DAAE6AC579F}"
EndProject
Project("{54435603-DBB4-11D2-8724-00A0C9A8B90C}") = "Topx.Setup.x64", "Topx.Setup.x64\Topx.Setup.x64.vdproj", "{E8CCE9AE-A14D-44A1-B181-C0B5687715E2}"
EndProject
Project("{FAE04EC0-301F-11D3-BF4B-00C04F79EFBC}") = "Topx.Data.DTO", "Topx.Data.DTO\Topx.Data.DTO.csproj", "{6C2CF74E-2518-4DE6-85B7-436007B94A1E}"
EndProject
Project("{FAE04EC0-301F-11D3-BF4B-00C04F79EFBC}") = "Topx.UnitTests.PdfCreator", "Topx.UnitTests.PdfCreator\Topx.UnitTests.PdfCreator.csproj", "{1DE4DAEE-6378-412D-9D5F-9197E1BCE77B}"
EndProject
Project("{FAE04EC0-301F-11D3-BF4B-00C04F79EFBC}") = "Topx.Console", "Topx.Console\Topx.Console.csproj", "{2E102F5E-B27A-470E-90DB-C14AE9AE9B60}"
EndProject
Project("{FAE04EC0-301F-11D3-BF4B-00C04F79EFBC}") = "Topx.ComplexLinks", "Topx.ComplexLinks\Topx.ComplexLinks.csproj", "{79C14AC5-1035-449B-AE7D-A2E71EBFDF5A}"
EndProject
Project("{FAE04EC0-301F-11D3-BF4B-00C04F79EFBC}") = "Topx.BatchService", "Topx.BatchService\Topx.BatchService.csproj", "{5EAC4103-5B31-4D97-9A54-1D9843012973}"
EndProject
Global
	GlobalSection(SolutionConfigurationPlatforms) = preSolution
		Debug|Any CPU = Debug|Any CPU
		Release|Any CPU = Release|Any CPU
	EndGlobalSection
	GlobalSection(ProjectConfigurationPlatforms) = postSolution
		{0B7925F6-533F-4D11-99F4-48EE7F19A48C}.Debug|Any CPU.ActiveCfg = Debug|Any CPU
		{0B7925F6-533F-4D11-99F4-48EE7F19A48C}.Debug|Any CPU.Build.0 = Debug|Any CPU
		{0B7925F6-533F-4D11-99F4-48EE7F19A48C}.Release|Any CPU.ActiveCfg = Release|Any CPU
		{0B7925F6-533F-4D11-99F4-48EE7F19A48C}.Release|Any CPU.Build.0 = Release|Any CPU
		{13D3E7C0-AB77-4555-94B0-6EBFE2AA908D}.Debug|Any CPU.ActiveCfg = Debug|Any CPU
		{13D3E7C0-AB77-4555-94B0-6EBFE2AA908D}.Debug|Any CPU.Build.0 = Debug|Any CPU
		{13D3E7C0-AB77-4555-94B0-6EBFE2AA908D}.Release|Any CPU.ActiveCfg = Release|Any CPU
		{13D3E7C0-AB77-4555-94B0-6EBFE2AA908D}.Release|Any CPU.Build.0 = Release|Any CPU
		{118C7B5B-3AE8-497D-961C-D0E62476A879}.Debug|Any CPU.ActiveCfg = Debug|Any CPU
		{118C7B5B-3AE8-497D-961C-D0E62476A879}.Debug|Any CPU.Build.0 = Debug|Any CPU
		{118C7B5B-3AE8-497D-961C-D0E62476A879}.Release|Any CPU.ActiveCfg = Release|Any CPU
		{118C7B5B-3AE8-497D-961C-D0E62476A879}.Release|Any CPU.Build.0 = Release|Any CPU
		{91592173-F613-4370-A362-0EF1AB0F3A65}.Debug|Any CPU.ActiveCfg = Debug|Any CPU
		{91592173-F613-4370-A362-0EF1AB0F3A65}.Debug|Any CPU.Build.0 = Debug|Any CPU
		{91592173-F613-4370-A362-0EF1AB0F3A65}.Release|Any CPU.ActiveCfg = Release|Any CPU
		{91592173-F613-4370-A362-0EF1AB0F3A65}.Release|Any CPU.Build.0 = Release|Any CPU
		{CE3AF6BA-3CC6-4017-8C73-C9CCA945642E}.Debug|Any CPU.ActiveCfg = Debug|Any CPU
		{CE3AF6BA-3CC6-4017-8C73-C9CCA945642E}.Debug|Any CPU.Build.0 = Debug|Any CPU
		{CE3AF6BA-3CC6-4017-8C73-C9CCA945642E}.Release|Any CPU.ActiveCfg = Release|Any CPU
		{CE3AF6BA-3CC6-4017-8C73-C9CCA945642E}.Release|Any CPU.Build.0 = Release|Any CPU
		{A9504EF0-E9EC-4308-9C9B-ACE575AAD67E}.Debug|Any CPU.ActiveCfg = Debug|Any CPU
		{A9504EF0-E9EC-4308-9C9B-ACE575AAD67E}.Debug|Any CPU.Build.0 = Debug|Any CPU
		{A9504EF0-E9EC-4308-9C9B-ACE575AAD67E}.Release|Any CPU.ActiveCfg = Release|Any CPU
		{A9504EF0-E9EC-4308-9C9B-ACE575AAD67E}.Release|Any CPU.Build.0 = Release|Any CPU
		{1E9B8660-0142-4818-AC8E-2B3FC0619783}.Debug|Any CPU.ActiveCfg = Debug|Any CPU
		{1E9B8660-0142-4818-AC8E-2B3FC0619783}.Debug|Any CPU.Build.0 = Debug|Any CPU
		{1E9B8660-0142-4818-AC8E-2B3FC0619783}.Release|Any CPU.ActiveCfg = Release|Any CPU
		{1E9B8660-0142-4818-AC8E-2B3FC0619783}.Release|Any CPU.Build.0 = Release|Any CPU
		{5862F3AF-2B57-4EE0-8E94-3A3D211737F1}.Debug|Any CPU.ActiveCfg = Debug|Any CPU
		{5862F3AF-2B57-4EE0-8E94-3A3D211737F1}.Debug|Any CPU.Build.0 = Debug|Any CPU
		{5862F3AF-2B57-4EE0-8E94-3A3D211737F1}.Release|Any CPU.ActiveCfg = Release|Any CPU
		{5862F3AF-2B57-4EE0-8E94-3A3D211737F1}.Release|Any CPU.Build.0 = Release|Any CPU
		{982EDCDB-E044-43D5-8071-BB4728C6A173}.Debug|Any CPU.ActiveCfg = Debug|Any CPU
		{982EDCDB-E044-43D5-8071-BB4728C6A173}.Debug|Any CPU.Build.0 = Debug|Any CPU
		{982EDCDB-E044-43D5-8071-BB4728C6A173}.Release|Any CPU.ActiveCfg = Release|Any CPU
		{982EDCDB-E044-43D5-8071-BB4728C6A173}.Release|Any CPU.Build.0 = Release|Any CPU
		{1A82E7D8-4AB0-499E-BEE9-7D1569AD2F12}.Debug|Any CPU.ActiveCfg = Debug|Any CPU
		{1A82E7D8-4AB0-499E-BEE9-7D1569AD2F12}.Debug|Any CPU.Build.0 = Debug|Any CPU
		{1A82E7D8-4AB0-499E-BEE9-7D1569AD2F12}.Release|Any CPU.ActiveCfg = Release|Any CPU
		{1A82E7D8-4AB0-499E-BEE9-7D1569AD2F12}.Release|Any CPU.Build.0 = Release|Any CPU
		{FD34975A-1344-4DD9-82DF-7DAAE6AC579F}.Debug|Any CPU.ActiveCfg = Debug
		{FD34975A-1344-4DD9-82DF-7DAAE6AC579F}.Release|Any CPU.ActiveCfg = Release
		{E8CCE9AE-A14D-44A1-B181-C0B5687715E2}.Debug|Any CPU.ActiveCfg = Debug
		{E8CCE9AE-A14D-44A1-B181-C0B5687715E2}.Debug|Any CPU.Build.0 = Debug
		{E8CCE9AE-A14D-44A1-B181-C0B5687715E2}.Release|Any CPU.ActiveCfg = Release
		{E8CCE9AE-A14D-44A1-B181-C0B5687715E2}.Release|Any CPU.Build.0 = Release
		{6C2CF74E-2518-4DE6-85B7-436007B94A1E}.Debug|Any CPU.ActiveCfg = Debug|Any CPU
		{6C2CF74E-2518-4DE6-85B7-436007B94A1E}.Debug|Any CPU.Build.0 = Debug|Any CPU
		{6C2CF74E-2518-4DE6-85B7-436007B94A1E}.Release|Any CPU.ActiveCfg = Release|Any CPU
		{6C2CF74E-2518-4DE6-85B7-436007B94A1E}.Release|Any CPU.Build.0 = Release|Any CPU
		{1DE4DAEE-6378-412D-9D5F-9197E1BCE77B}.Debug|Any CPU.ActiveCfg = Debug|Any CPU
		{1DE4DAEE-6378-412D-9D5F-9197E1BCE77B}.Debug|Any CPU.Build.0 = Debug|Any CPU
		{1DE4DAEE-6378-412D-9D5F-9197E1BCE77B}.Release|Any CPU.ActiveCfg = Release|Any CPU
		{1DE4DAEE-6378-412D-9D5F-9197E1BCE77B}.Release|Any CPU.Build.0 = Release|Any CPU
		{2E102F5E-B27A-470E-90DB-C14AE9AE9B60}.Debug|Any CPU.ActiveCfg = Debug|Any CPU
		{2E102F5E-B27A-470E-90DB-C14AE9AE9B60}.Debug|Any CPU.Build.0 = Debug|Any CPU
		{2E102F5E-B27A-470E-90DB-C14AE9AE9B60}.Release|Any CPU.ActiveCfg = Release|Any CPU
		{2E102F5E-B27A-470E-90DB-C14AE9AE9B60}.Release|Any CPU.Build.0 = Release|Any CPU
		{79C14AC5-1035-449B-AE7D-A2E71EBFDF5A}.Debug|Any CPU.ActiveCfg = Debug|Any CPU
		{79C14AC5-1035-449B-AE7D-A2E71EBFDF5A}.Debug|Any CPU.Build.0 = Debug|Any CPU
		{79C14AC5-1035-449B-AE7D-A2E71EBFDF5A}.Release|Any CPU.ActiveCfg = Release|Any CPU
		{79C14AC5-1035-449B-AE7D-A2E71EBFDF5A}.Release|Any CPU.Build.0 = Release|Any CPU
		{5EAC4103-5B31-4D97-9A54-1D9843012973}.Debug|Any CPU.ActiveCfg = Debug|Any CPU
		{5EAC4103-5B31-4D97-9A54-1D9843012973}.Debug|Any CPU.Build.0 = Debug|Any CPU
		{5EAC4103-5B31-4D97-9A54-1D9843012973}.Release|Any CPU.ActiveCfg = Release|Any CPU
		{5EAC4103-5B31-4D97-9A54-1D9843012973}.Release|Any CPU.Build.0 = Release|Any CPU
	EndGlobalSection
	GlobalSection(SolutionProperties) = preSolution
		HideSolutionNode = FALSE
	EndGlobalSection
	GlobalSection(ExtensibilityGlobals) = postSolution
		VisualSVNWorkingCopyRoot = .
		SolutionGuid = {AD535C3E-945A-4562-BAA7-F55B7E855B40}
	EndGlobalSection
EndGlobal
